{
  "version": 4,
  "terraform_version": "1.13.5",
  "serial": 10,
  "lineage": "94b16cd8-c455-d5e3-6ab3-add4c8c2ddbe",
  "outputs": {
    "resource_group_id": {
      "value": "/subscriptions/42d81a51-9ff3-4f00-b7f2-0b39304829ac/resourceGroups/example-resources-rg",
      "type": "string"
    },
    "resource_group_location": {
      "value": "eastus",
      "type": "string"
    },
    "resource_group_name": {
      "value": "example-resources-rg",
      "type": "string"
    }
  },
  "resources": [
    {
      "mode": "managed",
      "type": "azurerm_resource_group",
      "name": "example",
      "provider": "provider[\"registry.terraform.io/hashicorp/azurerm\"]",
      "instances": [
        {
          "schema_version": 0,
          "attributes": {
            "id": "/subscriptions/42d81a51-9ff3-4f00-b7f2-0b39304829ac/resourceGroups/example-resources-rg",
            "location": "eastus",
            "managed_by": "",
            "name": "example-resources-rg",
            "tags": {
              "CreatedBy": "Brets-Terraform",
              "Environment": "dev"
            },
            "timeouts": null
          },
          "sensitive_attributes": [],
          "identity_schema_version": 0,
          "private": "eyJlMmJmYjczMC1lY2FhLTExZTYtOGY4OC0zNDM2M2JjN2M0YzAiOnsiY3JlYXRlIjo1NDAwMDAwMDAwMDAwLCJkZWxldGUiOjU0MDAwMDAwMDAwMDAsInJlYWQiOjMwMDAwMDAwMDAwMCwidXBkYXRlIjo1NDAwMDAwMDAwMDAwfX0="
        }
      ]
    }
  ],
  "check_results": null
}
